
Microsoft Visual Studio Solution File, Format Version 12.00
# Visual Studio Version 17
VisualStudioVersion = 17.8.34511.84
MinimumVisualStudioVersion = 10.0.40219.1
Project("{FAE04EC0-301F-11D3-BF4B-00C04F79EFBC}") = "ApiCatalogo", "ApiCatalogo\ApiCatalogo.csproj", "{1BAF11DC-79E4-4B2E-833B-30E8967C7861}"
EndProject
Global
	GlobalSection(SolutionConfigurationPlatforms) = preSolution
		Debug|Any CPU = Debug|Any CPU
		Release|Any CPU = Release|Any CPU
	EndGlobalSection
	GlobalSection(ProjectConfigurationPlatforms) = postSolution
		{1BAF11DC-79E4-4B2E-833B-30E8967C7861}.Debug|Any CPU.ActiveCfg = Debug|Any CPU
		{1BAF11DC-79E4-4B2E-833B-30E8967C7861}.Debug|Any CPU.Build.0 = Debug|Any CPU
		{1BAF11DC-79E4-4B2E-833B-30E8967C7861}.Release|Any CPU.ActiveCfg = Release|Any CPU
		{1BAF11DC-79E4-4B2E-833B-30E8967C7861}.Release|Any CPU.Build.0 = Release|Any CPU
	EndGlobalSection
	GlobalSection(SolutionProperties) = preSolution
		HideSolutionNode = FALSE
	EndGlobalSection
	GlobalSection(ExtensibilityGlobals) = postSolution
		SolutionGuid = {14386898-CBDF-4A46-97C7-143FD5F05A35}
	EndGlobalSection
EndGlobal
